
Microsoft Visual Studio Solution File, Format Version 12.00
# Visual Studio 2012
Project("{FAE04EC0-301F-11D3-BF4B-00C04F79EFBC}") = "Raven.Database.Plugins.Custom", "Raven.Database.Plugins.Custom\Raven.Database.Plugins.Custom.csproj", "{C9ACF003-B11F-4969-BB51-F1E18BA7DC6E}"
EndProject
Project("{FAE04EC0-301F-11D3-BF4B-00C04F79EFBC}") = "Raven.Database.Plugins.Custom.Test", "Raven.Database.Plugins.Custom.Test\Raven.Database.Plugins.Custom.Test.csproj", "{EC52B5A8-5BDD-45ED-BFF7-E9AA071C0FFB}"
EndProject
Global
	GlobalSection(SolutionConfigurationPlatforms) = preSolution
		Debug|Any CPU = Debug|Any CPU
		Release|Any CPU = Release|Any CPU
	EndGlobalSection
	GlobalSection(ProjectConfigurationPlatforms) = postSolution
		{C9ACF003-B11F-4969-BB51-F1E18BA7DC6E}.Debug|Any CPU.ActiveCfg = Debug|Any CPU
		{C9ACF003-B11F-4969-BB51-F1E18BA7DC6E}.Debug|Any CPU.Build.0 = Debug|Any CPU
		{C9ACF003-B11F-4969-BB51-F1E18BA7DC6E}.Release|Any CPU.ActiveCfg = Release|Any CPU
		{C9ACF003-B11F-4969-BB51-F1E18BA7DC6E}.Release|Any CPU.Build.0 = Release|Any CPU
		{EC52B5A8-5BDD-45ED-BFF7-E9AA071C0FFB}.Debug|Any CPU.ActiveCfg = Debug|Any CPU
		{EC52B5A8-5BDD-45ED-BFF7-E9AA071C0FFB}.Debug|Any CPU.Build.0 = Debug|Any CPU
		{EC52B5A8-5BDD-45ED-BFF7-E9AA071C0FFB}.Release|Any CPU.ActiveCfg = Release|Any CPU
		{EC52B5A8-5BDD-45ED-BFF7-E9AA071C0FFB}.Release|Any CPU.Build.0 = Release|Any CPU
	EndGlobalSection
	GlobalSection(SolutionProperties) = preSolution
		HideSolutionNode = FALSE
	EndGlobalSection
EndGlobal
